{
  "version": 4,
  "terraform_version": "1.15.5",
  "serial": 6,
  "lineage": "da9e70c8-cde5-630b-c647-020ef8e02450",
  "outputs": {
    "tags": {
      "value": {
        "Managedby": "hello@clouddrove.com",
        "Repository": "https://github.com/clouddrove/terraform-aws-managed-prometheus"
      },
      "type": [
        "object",
        {
          "Managedby": "string",
          "Repository": "string"
        }
      ]
    },
    "workspace_arn": {
      "value": "arn:aws:aps:eu-north-1:924144197303:workspace/ws-899d3a40-0776-4b3b-95cb-29a9ef23b6af",
      "type": "string"
    },
    "workspace_id": {
      "value": "ws-899d3a40-0776-4b3b-95cb-29a9ef23b6af",
      "type": "string"
    },
    "workspace_prometheus_endpoint": {
      "value": "https://aps-workspaces.eu-north-1.amazonaws.com/workspaces/ws-899d3a40-0776-4b3b-95cb-29a9ef23b6af/",
      "type": "string"
    }
  },
  "resources": [
    {
      "mode": "data",
      "type": "aws_caller_identity",
      "name": "current",
      "provider": "provider[\"registry.terraform.io/hashicorp/aws\"]",
      "instances": [
        {
          "index_key": 0,
          "schema_version": 0,
          "attributes": {
            "account_id": "924144197303",
            "arn": "arn:aws:sts::924144197303:assumed-role/AWSReservedSSO_AdministratorAccess_3b5b668e6e5741c8/ashish.pal@clouddrove.com",
            "id": "924144197303",
            "user_id": "AROA5OK2JL23Z56RGRPNB:ashish.pal@clouddrove.com"
          },
          "sensitive_attributes": [],
          "identity_schema_version": 0
        }
      ]
    },
    {
      "mode": "data",
      "type": "aws_iam_policy_document",
      "name": "resource_policy",
      "provider": "provider[\"registry.terraform.io/hashicorp/aws\"]",
      "instances": [
        {
          "index_key": 0,
          "schema_version": 0,
          "attributes": {
            "id": "3122721204",
            "json": "{\n  \"Version\": \"2012-10-17\",\n  \"Statement\": [\n    {\n      \"Sid\": \"DefaultAccountReadWrite\",\n      \"Effect\": \"Allow\",\n      \"Action\": [\n        \"aps:RemoteWrite\",\n        \"aps:QueryMetrics\",\n        \"aps:GetSeries\",\n        \"aps:GetMetricMetadata\",\n        \"aps:GetLabels\"\n      ],\n      \"Resource\": \"arn:aws:aps:eu-north-1:924144197303:workspace/ws-899d3a40-0776-4b3b-95cb-29a9ef23b6af\",\n      \"Principal\": {\n        \"AWS\": \"924144197303\"\n      }\n    },\n    {\n      \"Sid\": \"DefaultGrafanaRead\",\n      \"Effect\": \"Allow\",\n      \"Action\": [\n        \"aps:QueryMetrics\",\n        \"aps:GetSeries\",\n        \"aps:GetMetricMetadata\",\n        \"aps:GetLabels\"\n      ],\n      \"Resource\": \"arn:aws:aps:eu-north-1:924144197303:workspace/ws-899d3a40-0776-4b3b-95cb-29a9ef23b6af\",\n      \"Principal\": {\n        \"Service\": \"grafana.amazonaws.com\"\n      }\n    }\n  ]\n}",
            "minified_json": "{\"Version\":\"2012-10-17\",\"Statement\":[{\"Sid\":\"DefaultAccountReadWrite\",\"Effect\":\"Allow\",\"Action\":[\"aps:RemoteWrite\",\"aps:QueryMetrics\",\"aps:GetSeries\",\"aps:GetMetricMetadata\",\"aps:GetLabels\"],\"Resource\":\"arn:aws:aps:eu-north-1:924144197303:workspace/ws-899d3a40-0776-4b3b-95cb-29a9ef23b6af\",\"Principal\":{\"AWS\":\"924144197303\"}},{\"Sid\":\"DefaultGrafanaRead\",\"Effect\":\"Allow\",\"Action\":[\"aps:QueryMetrics\",\"aps:GetSeries\",\"aps:GetMetricMetadata\",\"aps:GetLabels\"],\"Resource\":\"arn:aws:aps:eu-north-1:924144197303:workspace/ws-899d3a40-0776-4b3b-95cb-29a9ef23b6af\",\"Principal\":{\"Service\":\"grafana.amazonaws.com\"}}]}",
            "override_json": null,
            "override_policy_documents": null,
            "policy_id": null,
            "source_json": null,
            "source_policy_documents": null,
            "statement": [
              {
                "actions": [
                  "aps:GetLabels",
                  "aps:GetMetricMetadata",
                  "aps:GetSeries",
                  "aps:QueryMetrics",
                  "aps:RemoteWrite"
                ],
                "condition": [],
                "effect": "Allow",
                "not_actions": [],
                "not_principals": [],
                "not_resources": [],
                "principals": [
                  {
                    "identifiers": [
                      "924144197303"
                    ],
                    "type": "AWS"
                  }
                ],
                "resources": [
                  "arn:aws:aps:eu-north-1:924144197303:workspace/ws-899d3a40-0776-4b3b-95cb-29a9ef23b6af"
                ],
                "sid": "DefaultAccountReadWrite"
              },
              {
                "actions": [
                  "aps:GetLabels",
                  "aps:GetMetricMetadata",
                  "aps:GetSeries",
                  "aps:QueryMetrics"
                ],
                "condition": [],
                "effect": "Allow",
                "not_actions": [],
                "not_principals": [],
                "not_resources": [],
                "principals": [
                  {
                    "identifiers": [
                      "grafana.amazonaws.com"
                    ],
                    "type": "Service"
                  }
                ],
                "resources": [
                  "arn:aws:aps:eu-north-1:924144197303:workspace/ws-899d3a40-0776-4b3b-95cb-29a9ef23b6af"
                ],
                "sid": "DefaultGrafanaRead"
              }
            ],
            "version": "2012-10-17"
          },
          "sensitive_attributes": [],
          "identity_schema_version": 0
        }
      ]
    },
    {
      "mode": "data",
      "type": "aws_partition",
      "name": "current",
      "provider": "provider[\"registry.terraform.io/hashicorp/aws\"]",
      "instances": [
        {
          "index_key": 0,
          "schema_version": 0,
          "attributes": {
            "dns_suffix": "amazonaws.com",
            "id": "aws",
            "partition": "aws",
            "reverse_dns_prefix": "com.amazonaws"
          },
          "sensitive_attributes": [],
          "identity_schema_version": 0
        }
      ]
    },
    {
      "mode": "data",
      "type": "aws_region",
      "name": "current",
      "provider": "provider[\"registry.terraform.io/hashicorp/aws\"]",
      "instances": [
        {
          "index_key": 0,
          "schema_version": 0,
          "attributes": {
            "description": "Europe (Stockholm)",
            "endpoint": "ec2.eu-north-1.amazonaws.com",
            "id": "eu-north-1",
            "name": "eu-north-1",
            "region": "eu-north-1"
          },
          "sensitive_attributes": [],
          "identity_schema_version": 0
        }
      ]
    },
    {
      "mode": "data",
      "type": "aws_service_principal",
      "name": "grafana",
      "provider": "provider[\"registry.terraform.io/hashicorp/aws\"]",
      "instances": [
        {
          "index_key": 0,
          "schema_version": 0,
          "attributes": {
            "id": "grafana.eu-north-1.amazonaws.com",
            "name": "grafana.amazonaws.com",
            "region": "eu-north-1",
            "service_name": "grafana",
            "suffix": "amazonaws.com"
          },
          "sensitive_attributes": [],
          "identity_schema_version": 0
        }
      ]
    },
    {
      "mode": "managed",
      "type": "aws_cloudwatch_log_group",
      "name": "this",
      "provider": "provider[\"registry.terraform.io/hashicorp/aws\"]",
      "instances": [
        {
          "index_key": 0,
          "schema_version": 0,
          "attributes": {
            "arn": "arn:aws:logs:eu-north-1:924144197303:log-group:/aws/prometheus/workspace",
            "deletion_protection_enabled": false,
            "id": "/aws/prometheus/workspace",
            "kms_key_id": "",
            "log_group_class": "STANDARD",
            "name": "/aws/prometheus/workspace",
            "name_prefix": "",
            "region": "eu-north-1",
            "retention_in_days": 30,
            "skip_destroy": false,
            "tags": {
              "Managedby": "hello@clouddrove.com",
              "Repository": "https://github.com/clouddrove/terraform-aws-managed-prometheus"
            },
            "tags_all": {
              "Managedby": "hello@clouddrove.com",
              "Repository": "https://github.com/clouddrove/terraform-aws-managed-prometheus"
            }
          },
          "sensitive_attributes": [],
          "identity_schema_version": 0,
          "identity": {
            "account_id": "924144197303",
            "name": "/aws/prometheus/workspace",
            "region": "eu-north-1"
          },
          "private": "bnVsbA=="
        }
      ]
    },
    {
      "mode": "managed",
      "type": "aws_prometheus_alert_manager_definition",
      "name": "this",
      "provider": "provider[\"registry.terraform.io/hashicorp/aws\"]",
      "instances": [
        {
          "index_key": 0,
          "schema_version": 0,
          "attributes": {
            "definition": "alertmanager_config: |\n  route:\n    receiver: 'default'\n  receivers:\n    - name: 'default'\n",
            "id": "ws-899d3a40-0776-4b3b-95cb-29a9ef23b6af",
            "region": "eu-north-1",
            "workspace_id": "ws-899d3a40-0776-4b3b-95cb-29a9ef23b6af"
          },
          "sensitive_attributes": [],
          "identity_schema_version": 0,
          "private": "bnVsbA==",
          "dependencies": [
            "aws_cloudwatch_log_group.this",
            "aws_prometheus_workspace.this"
          ]
        }
      ]
    },
    {
      "mode": "managed",
      "type": "aws_prometheus_resource_policy",
      "name": "this",
      "provider": "provider[\"registry.terraform.io/hashicorp/aws\"]",
      "instances": [
        {
          "index_key": 0,
          "schema_version": 0,
          "attributes": {
            "policy_document": "{\n  \"Version\": \"2012-10-17\",\n  \"Statement\": [\n    {\n      \"Sid\": \"DefaultAccountReadWrite\",\n      \"Effect\": \"Allow\",\n      \"Action\": [\n        \"aps:RemoteWrite\",\n        \"aps:QueryMetrics\",\n        \"aps:GetSeries\",\n        \"aps:GetMetricMetadata\",\n        \"aps:GetLabels\"\n      ],\n      \"Resource\": \"arn:aws:aps:eu-north-1:924144197303:workspace/ws-899d3a40-0776-4b3b-95cb-29a9ef23b6af\",\n      \"Principal\": {\n        \"AWS\": \"924144197303\"\n      }\n    },\n    {\n      \"Sid\": \"DefaultGrafanaRead\",\n      \"Effect\": \"Allow\",\n      \"Action\": [\n        \"aps:QueryMetrics\",\n        \"aps:GetSeries\",\n        \"aps:GetMetricMetadata\",\n        \"aps:GetLabels\"\n      ],\n      \"Resource\": \"arn:aws:aps:eu-north-1:924144197303:workspace/ws-899d3a40-0776-4b3b-95cb-29a9ef23b6af\",\n      \"Principal\": {\n        \"Service\": \"grafana.amazonaws.com\"\n      }\n    }\n  ]\n}",
            "region": "eu-north-1",
            "revision_id": "1782946426858",
            "timeouts": null,
            "workspace_id": "ws-899d3a40-0776-4b3b-95cb-29a9ef23b6af"
          },
          "sensitive_attributes": [],
          "identity_schema_version": 0,
          "dependencies": [
            "aws_cloudwatch_log_group.this",
            "aws_prometheus_workspace.this",
            "data.aws_caller_identity.current",
            "data.aws_iam_policy_document.resource_policy",
            "data.aws_partition.current",
            "data.aws_region.current",
            "data.aws_service_principal.grafana"
          ]
        }
      ]
    },
    {
      "mode": "managed",
      "type": "aws_prometheus_workspace",
      "name": "this",
      "provider": "provider[\"registry.terraform.io/hashicorp/aws\"]",
      "instances": [
        {
          "index_key": 0,
          "schema_version": 0,
          "attributes": {
            "alias": "",
            "arn": "arn:aws:aps:eu-north-1:924144197303:workspace/ws-899d3a40-0776-4b3b-95cb-29a9ef23b6af",
            "id": "ws-899d3a40-0776-4b3b-95cb-29a9ef23b6af",
            "kms_key_arn": "",
            "logging_configuration": [],
            "prometheus_endpoint": "https://aps-workspaces.eu-north-1.amazonaws.com/workspaces/ws-899d3a40-0776-4b3b-95cb-29a9ef23b6af/",
            "region": "eu-north-1",
            "tags": {
              "Managedby": "hello@clouddrove.com",
              "Repository": "https://github.com/clouddrove/terraform-aws-managed-prometheus"
            },
            "tags_all": {
              "Managedby": "hello@clouddrove.com",
              "Repository": "https://github.com/clouddrove/terraform-aws-managed-prometheus"
            }
          },
          "sensitive_attributes": [],
          "identity_schema_version": 0,
          "private": "bnVsbA==",
          "dependencies": [
            "aws_cloudwatch_log_group.this"
          ]
        }
      ]
    }
  ],
  "check_results": [
    {
      "object_kind": "var",
      "config_addr": "var.repository",
      "status": "pass",
      "objects": [
        {
          "object_addr": "var.repository",
          "status": "pass"
        }
      ]
    }
  ]
}
